
Microsoft Visual Studio Solution File, Format Version 12.00
# Visual Studio Version 16
VisualStudioVersion = 16.0.30204.135
MinimumVisualStudioVersion = 10.0.40219.1
Project("{9A19103F-16F7-4668-BE54-9A1E7A4F7556}") = "DroneTest.Master", "DroneTest.Master\DroneTest.Master.csproj", "{E7DB95D6-0942-48EC-8D4C-02CDB8730B67}"
EndProject
Project("{9A19103F-16F7-4668-BE54-9A1E7A4F7556}") = "DroneTest.MasterServiceContract", "DroneTest.MasterServiceContract\DroneTest.MasterServiceContract.csproj", "{0C2B06B7-538A-4525-A592-0BDBEE5CC48B}"
EndProject
Global
	GlobalSection(SolutionConfigurationPlatforms) = preSolution
		Debug|Any CPU = Debug|Any CPU
		Release|Any CPU = Release|Any CPU
	EndGlobalSection
	GlobalSection(ProjectConfigurationPlatforms) = postSolution
		{E7DB95D6-0942-48EC-8D4C-02CDB8730B67}.Debug|Any CPU.ActiveCfg = Debug|Any CPU
		{E7DB95D6-0942-48EC-8D4C-02CDB8730B67}.Debug|Any CPU.Build.0 = Debug|Any CPU
		{E7DB95D6-0942-48EC-8D4C-02CDB8730B67}.Release|Any CPU.ActiveCfg = Release|Any CPU
		{E7DB95D6-0942-48EC-8D4C-02CDB8730B67}.Release|Any CPU.Build.0 = Release|Any CPU
		{0C2B06B7-538A-4525-A592-0BDBEE5CC48B}.Debug|Any CPU.ActiveCfg = Debug|Any CPU
		{0C2B06B7-538A-4525-A592-0BDBEE5CC48B}.Debug|Any CPU.Build.0 = Debug|Any CPU
		{0C2B06B7-538A-4525-A592-0BDBEE5CC48B}.Release|Any CPU.ActiveCfg = Release|Any CPU
		{0C2B06B7-538A-4525-A592-0BDBEE5CC48B}.Release|Any CPU.Build.0 = Release|Any CPU
	EndGlobalSection
	GlobalSection(SolutionProperties) = preSolution
		HideSolutionNode = FALSE
	EndGlobalSection
	GlobalSection(ExtensibilityGlobals) = postSolution
		SolutionGuid = {F061F736-A8F8-4691-A663-95FB34882557}
	EndGlobalSection
EndGlobal
